
Microsoft Visual Studio Solution File, Format Version 12.00
# Visual Studio Version 17
VisualStudioVersion = 17.7.34221.43
MinimumVisualStudioVersion = 10.0.40219.1
Project("{F14B399A-7131-4C87-9E4B-1186C45EF12D}") = "ReportingProject", "ReportingProject\ReportingProject.rptproj", "{CFC08CA4-1474-4295-960A-FA41E4786362}"
EndProject
Global
	GlobalSection(SolutionConfigurationPlatforms) = preSolution
		Debug|Default = Debug|Default
		DebugLocal|Default = DebugLocal|Default
		Release|Default = Release|Default
	EndGlobalSection
	GlobalSection(ProjectConfigurationPlatforms) = postSolution
		{CFC08CA4-1474-4295-960A-FA41E4786362}.Debug|Default.ActiveCfg = Debug
		{CFC08CA4-1474-4295-960A-FA41E4786362}.Debug|Default.Build.0 = Debug
		{CFC08CA4-1474-4295-960A-FA41E4786362}.Debug|Default.Deploy.0 = Debug
		{CFC08CA4-1474-4295-960A-FA41E4786362}.DebugLocal|Default.ActiveCfg = DebugLocal
		{CFC08CA4-1474-4295-960A-FA41E4786362}.DebugLocal|Default.Build.0 = DebugLocal
		{CFC08CA4-1474-4295-960A-FA41E4786362}.Release|Default.ActiveCfg = Release
		{CFC08CA4-1474-4295-960A-FA41E4786362}.Release|Default.Build.0 = Release
		{CFC08CA4-1474-4295-960A-FA41E4786362}.Release|Default.Deploy.0 = Release
	EndGlobalSection
	GlobalSection(SolutionProperties) = preSolution
		HideSolutionNode = FALSE
	EndGlobalSection
	GlobalSection(ExtensibilityGlobals) = postSolution
		SolutionGuid = {4A82D9E4-3A71-45F6-B697-9700981EFAFF}
	EndGlobalSection
EndGlobal
